
Microsoft Visual Studio Solution File, Format Version 12.00
# Visual Studio 15
VisualStudioVersion = 15.0.27428.2037
MinimumVisualStudioVersion = 10.0.40219.1
Project("{FAE04EC0-301F-11D3-BF4B-00C04F79EFBC}") = "FaceDetectionApp", "FaceDetectionApp\FaceDetectionApp.csproj", "{DE673B4B-9C7B-4923-AA36-2202A015901B}"
EndProject
Global
	GlobalSection(SolutionConfigurationPlatforms) = preSolution
		Debug|Any CPU = Debug|Any CPU
		Release|Any CPU = Release|Any CPU
	EndGlobalSection
	GlobalSection(ProjectConfigurationPlatforms) = postSolution
		{DE673B4B-9C7B-4923-AA36-2202A015901B}.Debug|Any CPU.ActiveCfg = Debug|Any CPU
		{DE673B4B-9C7B-4923-AA36-2202A015901B}.Debug|Any CPU.Build.0 = Debug|Any CPU
		{DE673B4B-9C7B-4923-AA36-2202A015901B}.Release|Any CPU.ActiveCfg = Release|Any CPU
		{DE673B4B-9C7B-4923-AA36-2202A015901B}.Release|Any CPU.Build.0 = Release|Any CPU
	EndGlobalSection
	GlobalSection(SolutionProperties) = preSolution
		HideSolutionNode = FALSE
	EndGlobalSection
	GlobalSection(ExtensibilityGlobals) = postSolution
		SolutionGuid = {CA916C06-81C8-47DE-94AF-0A26EE5120A5}
	EndGlobalSection
EndGlobal
